
Microsoft Visual Studio Solution File, Format Version 12.00
# Visual Studio 15
VisualStudioVersion = 15.0.26730.8
MinimumVisualStudioVersion = 10.0.40219.1
Project("{FAE04EC0-301F-11D3-BF4B-00C04F79EFBC}") = "ControllersAndActions", "ControllersAndActions\ControllersAndActions.csproj", "{03956DC0-AC7B-4753-B0A5-407D46714744}"
EndProject
Project("{FAE04EC0-301F-11D3-BF4B-00C04F79EFBC}") = "ControllersAndActions.Tests", "ControllersAndActions.Tests\ControllersAndActions.Tests.csproj", "{AA0A0FF3-48F4-4362-B474-B2738FB43735}"
EndProject
Global
	GlobalSection(SolutionConfigurationPlatforms) = preSolution
		Debug|Any CPU = Debug|Any CPU
		Release|Any CPU = Release|Any CPU
	EndGlobalSection
	GlobalSection(ProjectConfigurationPlatforms) = postSolution
		{03956DC0-AC7B-4753-B0A5-407D46714744}.Debug|Any CPU.ActiveCfg = Debug|Any CPU
		{03956DC0-AC7B-4753-B0A5-407D46714744}.Debug|Any CPU.Build.0 = Debug|Any CPU
		{03956DC0-AC7B-4753-B0A5-407D46714744}.Release|Any CPU.ActiveCfg = Release|Any CPU
		{03956DC0-AC7B-4753-B0A5-407D46714744}.Release|Any CPU.Build.0 = Release|Any CPU
		{AA0A0FF3-48F4-4362-B474-B2738FB43735}.Debug|Any CPU.ActiveCfg = Debug|Any CPU
		{AA0A0FF3-48F4-4362-B474-B2738FB43735}.Debug|Any CPU.Build.0 = Debug|Any CPU
		{AA0A0FF3-48F4-4362-B474-B2738FB43735}.Release|Any CPU.ActiveCfg = Release|Any CPU
		{AA0A0FF3-48F4-4362-B474-B2738FB43735}.Release|Any CPU.Build.0 = Release|Any CPU
	EndGlobalSection
	GlobalSection(SolutionProperties) = preSolution
		HideSolutionNode = FALSE
	EndGlobalSection
	GlobalSection(ExtensibilityGlobals) = postSolution
		SolutionGuid = {216DCD91-2094-4FA8-AC08-1D3DB80D5306}
	EndGlobalSection
EndGlobal
